# This file was autogenerated by Stack.
# You should not edit this file by hand.
# For more information, please see the documentation at:
#   https://docs.haskellstack.org/en/stable/lock_files

packages:
- completed:
    hackage: random-1.2.1.1@sha256:dea1f11e5569332dc6c8efaad1cb301016a5587b6754943a49f9de08ae0e56d9,6541
    pantry-tree:
      size: 1528
      sha256: 646ee77fe01178837ee928b61ae8653dcf190e9b5353ebebd094079c77a18b76
  original:
    hackage: random-1.2.1.1@sha256:dea1f11e5569332dc6c8efaad1cb301016a5587b6754943a49f9de08ae0e56d9,6541
- completed:
    hackage: splitmix-0.1.0.4@sha256:804e2574bc7e32d08cbab91e47ee6287b4df7d50851d73f9e778f94a9a7814c7,6521
    pantry-tree:
      size: 1519
      sha256: b56f706c092dc0ac4875ef45bd18719386358c56667f6b604a733b66f9e4657f
  original:
    hackage: splitmix-0.1.0.4@sha256:804e2574bc7e32d08cbab91e47ee6287b4df7d50851d73f9e778f94a9a7814c7,6521
snapshots: []
